
Microsoft Visual Studio Solution File, Format Version 12.00
# Visual Studio 15
VisualStudioVersion = 15.0.26730.16
MinimumVisualStudioVersion = 10.0.40219.1
Project("{FAE04EC0-301F-11D3-BF4B-00C04F79EFBC}") = "StringHandling4", "StringHandling4\StringHandling4.csproj", "{399446AC-6E69-4813-8404-2D662AF911F7}"
EndProject
Global
	GlobalSection(SolutionConfigurationPlatforms) = preSolution
		Debug|Any CPU = Debug|Any CPU
		Release|Any CPU = Release|Any CPU
	EndGlobalSection
	GlobalSection(ProjectConfigurationPlatforms) = postSolution
		{399446AC-6E69-4813-8404-2D662AF911F7}.Debug|Any CPU.ActiveCfg = Debug|Any CPU
		{399446AC-6E69-4813-8404-2D662AF911F7}.Debug|Any CPU.Build.0 = Debug|Any CPU
		{399446AC-6E69-4813-8404-2D662AF911F7}.Release|Any CPU.ActiveCfg = Release|Any CPU
		{399446AC-6E69-4813-8404-2D662AF911F7}.Release|Any CPU.Build.0 = Release|Any CPU
	EndGlobalSection
	GlobalSection(SolutionProperties) = preSolution
		HideSolutionNode = FALSE
	EndGlobalSection
	GlobalSection(ExtensibilityGlobals) = postSolution
		SolutionGuid = {469F64D4-EBDD-4807-AB07-4384610B29C1}
	EndGlobalSection
EndGlobal
