
Microsoft Visual Studio Solution File, Format Version 12.00
# Visual Studio 15
VisualStudioVersion = 15.0.26730.16
MinimumVisualStudioVersion = 10.0.40219.1
Project("{FAE04EC0-301F-11D3-BF4B-00C04F79EFBC}") = "Vokaalit", "Vokaalit\Vokaalit.csproj", "{AAF6B94A-3332-40B5-BF23-E54AECED873D}"
EndProject
Global
	GlobalSection(SolutionConfigurationPlatforms) = preSolution
		Debug|Any CPU = Debug|Any CPU
		Release|Any CPU = Release|Any CPU
	EndGlobalSection
	GlobalSection(ProjectConfigurationPlatforms) = postSolution
		{AAF6B94A-3332-40B5-BF23-E54AECED873D}.Debug|Any CPU.ActiveCfg = Debug|Any CPU
		{AAF6B94A-3332-40B5-BF23-E54AECED873D}.Debug|Any CPU.Build.0 = Debug|Any CPU
		{AAF6B94A-3332-40B5-BF23-E54AECED873D}.Release|Any CPU.ActiveCfg = Release|Any CPU
		{AAF6B94A-3332-40B5-BF23-E54AECED873D}.Release|Any CPU.Build.0 = Release|Any CPU
	EndGlobalSection
	GlobalSection(SolutionProperties) = preSolution
		HideSolutionNode = FALSE
	EndGlobalSection
	GlobalSection(ExtensibilityGlobals) = postSolution
		SolutionGuid = {4C17A810-0E62-4626-AF9F-1B0D39F3C665}
	EndGlobalSection
EndGlobal
