
Microsoft Visual Studio Solution File, Format Version 12.00
# Visual Studio 15
VisualStudioVersion = 15.0.26730.16
MinimumVisualStudioVersion = 10.0.40219.1
Project("{FAE04EC0-301F-11D3-BF4B-00C04F79EFBC}") = "Conditional_statements_t4", "Conditional_statements_t4\Conditional_statements_t4.csproj", "{FA242B61-0B55-4927-989B-7CCD1A195461}"
EndProject
Global
	GlobalSection(SolutionConfigurationPlatforms) = preSolution
		Debug|Any CPU = Debug|Any CPU
		Release|Any CPU = Release|Any CPU
	EndGlobalSection
	GlobalSection(ProjectConfigurationPlatforms) = postSolution
		{FA242B61-0B55-4927-989B-7CCD1A195461}.Debug|Any CPU.ActiveCfg = Debug|Any CPU
		{FA242B61-0B55-4927-989B-7CCD1A195461}.Debug|Any CPU.Build.0 = Debug|Any CPU
		{FA242B61-0B55-4927-989B-7CCD1A195461}.Release|Any CPU.ActiveCfg = Release|Any CPU
		{FA242B61-0B55-4927-989B-7CCD1A195461}.Release|Any CPU.Build.0 = Release|Any CPU
	EndGlobalSection
	GlobalSection(SolutionProperties) = preSolution
		HideSolutionNode = FALSE
	EndGlobalSection
	GlobalSection(ExtensibilityGlobals) = postSolution
		SolutionGuid = {4EBBA0CC-51BC-45CE-AD36-7854ED3420D1}
	EndGlobalSection
EndGlobal
