
Microsoft Visual Studio Solution File, Format Version 12.00
# Visual Studio 15
VisualStudioVersion = 15.0.26730.16
MinimumVisualStudioVersion = 10.0.40219.1
Project("{FAE04EC0-301F-11D3-BF4B-00C04F79EFBC}") = "Conditional-statements", "Conditional-statements\Conditional-statements.csproj", "{C7924372-A9CB-4D6C-9497-3FD50815FC6E}"
EndProject
Global
	GlobalSection(SolutionConfigurationPlatforms) = preSolution
		Debug|Any CPU = Debug|Any CPU
		Release|Any CPU = Release|Any CPU
	EndGlobalSection
	GlobalSection(ProjectConfigurationPlatforms) = postSolution
		{C7924372-A9CB-4D6C-9497-3FD50815FC6E}.Debug|Any CPU.ActiveCfg = Debug|Any CPU
		{C7924372-A9CB-4D6C-9497-3FD50815FC6E}.Debug|Any CPU.Build.0 = Debug|Any CPU
		{C7924372-A9CB-4D6C-9497-3FD50815FC6E}.Release|Any CPU.ActiveCfg = Release|Any CPU
		{C7924372-A9CB-4D6C-9497-3FD50815FC6E}.Release|Any CPU.Build.0 = Release|Any CPU
	EndGlobalSection
	GlobalSection(SolutionProperties) = preSolution
		HideSolutionNode = FALSE
	EndGlobalSection
	GlobalSection(ExtensibilityGlobals) = postSolution
		SolutionGuid = {9C875F90-1490-40BC-B124-0BAB37655D9E}
	EndGlobalSection
EndGlobal
