
Microsoft Visual Studio Solution File, Format Version 12.00
# Visual Studio 15
VisualStudioVersion = 15.0.26730.16
MinimumVisualStudioVersion = 10.0.40219.1
Project("{FAE04EC0-301F-11D3-BF4B-00C04F79EFBC}") = "Arrays_3.2", "Arrays_3.2\Arrays_3.2.csproj", "{5AC7B081-0F65-408A-8A9C-B44B1D53B16E}"
EndProject
Global
	GlobalSection(SolutionConfigurationPlatforms) = preSolution
		Debug|Any CPU = Debug|Any CPU
		Release|Any CPU = Release|Any CPU
	EndGlobalSection
	GlobalSection(ProjectConfigurationPlatforms) = postSolution
		{5AC7B081-0F65-408A-8A9C-B44B1D53B16E}.Debug|Any CPU.ActiveCfg = Debug|Any CPU
		{5AC7B081-0F65-408A-8A9C-B44B1D53B16E}.Debug|Any CPU.Build.0 = Debug|Any CPU
		{5AC7B081-0F65-408A-8A9C-B44B1D53B16E}.Release|Any CPU.ActiveCfg = Release|Any CPU
		{5AC7B081-0F65-408A-8A9C-B44B1D53B16E}.Release|Any CPU.Build.0 = Release|Any CPU
	EndGlobalSection
	GlobalSection(SolutionProperties) = preSolution
		HideSolutionNode = FALSE
	EndGlobalSection
	GlobalSection(ExtensibilityGlobals) = postSolution
		SolutionGuid = {D58CFEF4-1D7C-4962-9EFA-013E042AC523}
	EndGlobalSection
EndGlobal
