
Microsoft Visual Studio Solution File, Format Version 12.00
# Visual Studio 15
VisualStudioVersion = 15.0.26730.16
MinimumVisualStudioVersion = 10.0.40219.1
Project("{FAE04EC0-301F-11D3-BF4B-00C04F79EFBC}") = "Arrays_3.3", "Arrays_3.3\Arrays_3.3.csproj", "{72F60859-07CB-42AB-9950-2FE08E041C97}"
EndProject
Global
	GlobalSection(SolutionConfigurationPlatforms) = preSolution
		Debug|Any CPU = Debug|Any CPU
		Release|Any CPU = Release|Any CPU
	EndGlobalSection
	GlobalSection(ProjectConfigurationPlatforms) = postSolution
		{72F60859-07CB-42AB-9950-2FE08E041C97}.Debug|Any CPU.ActiveCfg = Debug|Any CPU
		{72F60859-07CB-42AB-9950-2FE08E041C97}.Debug|Any CPU.Build.0 = Debug|Any CPU
		{72F60859-07CB-42AB-9950-2FE08E041C97}.Release|Any CPU.ActiveCfg = Release|Any CPU
		{72F60859-07CB-42AB-9950-2FE08E041C97}.Release|Any CPU.Build.0 = Release|Any CPU
	EndGlobalSection
	GlobalSection(SolutionProperties) = preSolution
		HideSolutionNode = FALSE
	EndGlobalSection
	GlobalSection(ExtensibilityGlobals) = postSolution
		SolutionGuid = {B6ABA392-BEDB-40AB-B8F0-182C7C9FB552}
	EndGlobalSection
EndGlobal
