
Microsoft Visual Studio Solution File, Format Version 12.00
# Visual Studio 15
VisualStudioVersion = 15.0.26730.16
MinimumVisualStudioVersion = 10.0.40219.1
Project("{FAE04EC0-301F-11D3-BF4B-00C04F79EFBC}") = "Conditional_statements_t3", "Conditional_statements_t3\Conditional_statements_t3.csproj", "{C3D2BF24-56B5-4F0B-8ED4-F3B459C1CF27}"
EndProject
Global
	GlobalSection(SolutionConfigurationPlatforms) = preSolution
		Debug|Any CPU = Debug|Any CPU
		Release|Any CPU = Release|Any CPU
	EndGlobalSection
	GlobalSection(ProjectConfigurationPlatforms) = postSolution
		{C3D2BF24-56B5-4F0B-8ED4-F3B459C1CF27}.Debug|Any CPU.ActiveCfg = Debug|Any CPU
		{C3D2BF24-56B5-4F0B-8ED4-F3B459C1CF27}.Debug|Any CPU.Build.0 = Debug|Any CPU
		{C3D2BF24-56B5-4F0B-8ED4-F3B459C1CF27}.Release|Any CPU.ActiveCfg = Release|Any CPU
		{C3D2BF24-56B5-4F0B-8ED4-F3B459C1CF27}.Release|Any CPU.Build.0 = Release|Any CPU
	EndGlobalSection
	GlobalSection(SolutionProperties) = preSolution
		HideSolutionNode = FALSE
	EndGlobalSection
	GlobalSection(ExtensibilityGlobals) = postSolution
		SolutionGuid = {C5B81468-D9F5-4173-ADD8-51EA368CA825}
	EndGlobalSection
EndGlobal
