
Microsoft Visual Studio Solution File, Format Version 12.00
# Visual Studio 15
VisualStudioVersion = 15.0.26730.16
MinimumVisualStudioVersion = 10.0.40219.1
Project("{FAE04EC0-301F-11D3-BF4B-00C04F79EFBC}") = "Merkkijono", "Merkkijono\Merkkijono.csproj", "{AEEEE6D8-904D-4FD7-955E-1F3A9308BDFC}"
EndProject
Global
	GlobalSection(SolutionConfigurationPlatforms) = preSolution
		Debug|Any CPU = Debug|Any CPU
		Release|Any CPU = Release|Any CPU
	EndGlobalSection
	GlobalSection(ProjectConfigurationPlatforms) = postSolution
		{AEEEE6D8-904D-4FD7-955E-1F3A9308BDFC}.Debug|Any CPU.ActiveCfg = Debug|Any CPU
		{AEEEE6D8-904D-4FD7-955E-1F3A9308BDFC}.Debug|Any CPU.Build.0 = Debug|Any CPU
		{AEEEE6D8-904D-4FD7-955E-1F3A9308BDFC}.Release|Any CPU.ActiveCfg = Release|Any CPU
		{AEEEE6D8-904D-4FD7-955E-1F3A9308BDFC}.Release|Any CPU.Build.0 = Release|Any CPU
	EndGlobalSection
	GlobalSection(SolutionProperties) = preSolution
		HideSolutionNode = FALSE
	EndGlobalSection
	GlobalSection(ExtensibilityGlobals) = postSolution
		SolutionGuid = {665D35FB-8F42-4573-9109-7667361C1B7E}
	EndGlobalSection
EndGlobal
