
Microsoft Visual Studio Solution File, Format Version 12.00
# Visual Studio 15
VisualStudioVersion = 15.0.26730.16
MinimumVisualStudioVersion = 10.0.40219.1
Project("{FAE04EC0-301F-11D3-BF4B-00C04F79EFBC}") = "Loop_Statements_4.1", "Loop_Statements_4.1\Loop_Statements_4.1.csproj", "{1123065D-D416-4ECB-ADE6-5F95AB421D7F}"
EndProject
Global
	GlobalSection(SolutionConfigurationPlatforms) = preSolution
		Debug|Any CPU = Debug|Any CPU
		Release|Any CPU = Release|Any CPU
	EndGlobalSection
	GlobalSection(ProjectConfigurationPlatforms) = postSolution
		{1123065D-D416-4ECB-ADE6-5F95AB421D7F}.Debug|Any CPU.ActiveCfg = Debug|Any CPU
		{1123065D-D416-4ECB-ADE6-5F95AB421D7F}.Debug|Any CPU.Build.0 = Debug|Any CPU
		{1123065D-D416-4ECB-ADE6-5F95AB421D7F}.Release|Any CPU.ActiveCfg = Release|Any CPU
		{1123065D-D416-4ECB-ADE6-5F95AB421D7F}.Release|Any CPU.Build.0 = Release|Any CPU
	EndGlobalSection
	GlobalSection(SolutionProperties) = preSolution
		HideSolutionNode = FALSE
	EndGlobalSection
	GlobalSection(ExtensibilityGlobals) = postSolution
		SolutionGuid = {93CA066F-CE6F-46E8-8F92-55C6F8C4A9D0}
	EndGlobalSection
EndGlobal
